
Microsoft Visual Studio Solution File, Format Version 12.00
# Visual Studio 15
VisualStudioVersion = 15.0.28307.1525
MinimumVisualStudioVersion = 10.0.40219.1
Project("{FAE04EC0-301F-11D3-BF4B-00C04F79EFBC}") = "Factory Pattern", "Factory Pattern\Factory Pattern.csproj", "{0DA7C310-CA4E-43B3-B820-3D54F18ABF35}"
EndProject
Project("{FAE04EC0-301F-11D3-BF4B-00C04F79EFBC}") = "Abstract Factory Pattern", "Abstract Factory Pattern\Abstract Factory Pattern.csproj", "{33F0B0A5-EBF5-4C3C-A109-EAC09198DDC8}"
EndProject
Project("{FAE04EC0-301F-11D3-BF4B-00C04F79EFBC}") = "Singleton Pattern", "Singleton Pattern\Singleton Pattern.csproj", "{09D52489-C7B0-4BC8-8846-5D0E06B64C8D}"
EndProject
Project("{FAE04EC0-301F-11D3-BF4B-00C04F79EFBC}") = "Builder Pattern", "Builder Pattern\Builder Pattern.csproj", "{0D5DB6AF-6FAC-42B5-BC71-CEE2F8018A2C}"
EndProject
Project("{FAE04EC0-301F-11D3-BF4B-00C04F79EFBC}") = "Prototype Pattern", "Prototype Pattern\Prototype Pattern.csproj", "{C5063945-6EAF-4EE9-B06C-C7BE87A1993A}"
EndProject
Project("{FAE04EC0-301F-11D3-BF4B-00C04F79EFBC}") = "Adapter Pattern", "Adapter Pattern\Adapter Pattern.csproj", "{4A2EA8DF-BCFF-4454-98CB-77FE052BA3EE}"
EndProject
Project("{FAE04EC0-301F-11D3-BF4B-00C04F79EFBC}") = "Bridge Pattern", "Bridge Pattern\Bridge Pattern.csproj", "{BB84FC81-9EDA-4CD9-B3C0-7AC1195A4ED8}"
EndProject
Project("{FAE04EC0-301F-11D3-BF4B-00C04F79EFBC}") = "Filter Pattern", "Filter Pattern\Filter Pattern.csproj", "{F46BE7F2-2637-4914-9451-040E591AABDA}"
EndProject
Project("{FAE04EC0-301F-11D3-BF4B-00C04F79EFBC}") = "Composite Pattern", "Composite Pattern\Composite Pattern.csproj", "{8858FADB-83B6-4613-88E7-8E34FC4D3C9C}"
EndProject
Project("{FAE04EC0-301F-11D3-BF4B-00C04F79EFBC}") = "Decorator Pattern", "Decorator Pattern\Decorator Pattern.csproj", "{241A62F0-1879-4B95-8668-3B7C6A90E224}"
EndProject
Project("{FAE04EC0-301F-11D3-BF4B-00C04F79EFBC}") = "Facade Pattern", "Facade Pattern\Facade Pattern.csproj", "{B998D37C-F07E-440F-B5A3-BE4D458050FC}"
EndProject
Project("{FAE04EC0-301F-11D3-BF4B-00C04F79EFBC}") = "Flyweight Pattern", "Flyweight Pattern\Flyweight Pattern.csproj", "{F5F6E1F1-BDFE-4C49-8C66-581C8D9E713B}"
EndProject
Project("{FAE04EC0-301F-11D3-BF4B-00C04F79EFBC}") = "Proxy Pattern", "Proxy Pattern\Proxy Pattern.csproj", "{C3E00DE0-94C1-4146-B84A-9BFA2454A453}"
EndProject
Project("{FAE04EC0-301F-11D3-BF4B-00C04F79EFBC}") = "Chain of Responsibility Pattern", "Chain of Responsibility Pattern\Chain of Responsibility Pattern.csproj", "{052F8407-F0E4-4F99-A499-B713AA41156D}"
EndProject
Project("{FAE04EC0-301F-11D3-BF4B-00C04F79EFBC}") = "Command Pattern", "Command Pattern\Command Pattern.csproj", "{DA270151-E271-4217-A68D-E66429A88D6F}"
EndProject
Project("{FAE04EC0-301F-11D3-BF4B-00C04F79EFBC}") = "Interpreter Pattern", "Interpreter Pattern\Interpreter Pattern.csproj", "{DB982EDF-7809-41C7-9708-29D7F3777662}"
EndProject
Project("{FAE04EC0-301F-11D3-BF4B-00C04F79EFBC}") = "Iterator Pattern", "Iterator Pattern\Iterator Pattern.csproj", "{44EF5F2A-EF7B-49BC-8E42-533D135CCA1C}"
EndProject
Project("{FAE04EC0-301F-11D3-BF4B-00C04F79EFBC}") = "Mediator Pattern", "Mediator Pattern\Mediator Pattern.csproj", "{B452A39F-F9F6-42F5-8DA2-55005FF97168}"
EndProject
Project("{FAE04EC0-301F-11D3-BF4B-00C04F79EFBC}") = "Memento Pattern", "Memento Pattern\Memento Pattern.csproj", "{BDDDB4E2-84D0-45A9-A6EC-B5CD59AF01E8}"
EndProject
Project("{FAE04EC0-301F-11D3-BF4B-00C04F79EFBC}") = "Observer Pattern", "Observer Pattern\Observer Pattern.csproj", "{B0CCDC66-F1B8-4025-9762-2606FB77EB1C}"
EndProject
Project("{FAE04EC0-301F-11D3-BF4B-00C04F79EFBC}") = "State Pattern", "State Pattern\State Pattern.csproj", "{33917D46-5D1F-49FA-B228-550AA7885CA1}"
EndProject
Project("{FAE04EC0-301F-11D3-BF4B-00C04F79EFBC}") = "Null Object Pattern", "Null Object Pattern\Null Object Pattern.csproj", "{1B08DE71-6312-4B12-9659-60CC83711E10}"
EndProject
Project("{FAE04EC0-301F-11D3-BF4B-00C04F79EFBC}") = "Strategy Pattern", "Strategy Pattern\Strategy Pattern.csproj", "{6989A849-62D7-4B20-AFB2-27A50F42E536}"
EndProject
Project("{FAE04EC0-301F-11D3-BF4B-00C04F79EFBC}") = "Template Pattern", "Template Pattern\Template Pattern.csproj", "{3E851A6D-4198-4E8A-A05B-8D1E4A4EBBFC}"
EndProject
Project("{FAE04EC0-301F-11D3-BF4B-00C04F79EFBC}") = "Visitor Pattern", "Visitor Pattern\Visitor Pattern.csproj", "{075D77FA-C92B-4453-A8CD-65BD40B3053A}"
EndProject
Project("{FAE04EC0-301F-11D3-BF4B-00C04F79EFBC}") = "MVC Pattern", "MVC Pattern\MVC Pattern.csproj", "{D7E61F65-143C-4D60-8FE0-1B72CD2F7852}"
EndProject
Project("{FAE04EC0-301F-11D3-BF4B-00C04F79EFBC}") = "Business Delegate Pattern", "Business Delegate Pattern\Business Delegate Pattern.csproj", "{8E8962D7-8DB5-4F31-8651-492F804B2BCB}"
EndProject
Project("{FAE04EC0-301F-11D3-BF4B-00C04F79EFBC}") = "Composite Entity Pattern", "Composite Entity Pattern\Composite Entity Pattern.csproj", "{4542AE6F-C136-4717-9537-E93D2E20D9E9}"
EndProject
Project("{FAE04EC0-301F-11D3-BF4B-00C04F79EFBC}") = "Data Access Object Pattern", "Data Access Object Pattern\Data Access Object Pattern.csproj", "{49468AA4-27C7-4051-95A4-1AAE4132FE86}"
EndProject
Global
	GlobalSection(SolutionConfigurationPlatforms) = preSolution
		Debug|Any CPU = Debug|Any CPU
		Release|Any CPU = Release|Any CPU
	EndGlobalSection
	GlobalSection(ProjectConfigurationPlatforms) = postSolution
		{0DA7C310-CA4E-43B3-B820-3D54F18ABF35}.Debug|Any CPU.ActiveCfg = Debug|Any CPU
		{0DA7C310-CA4E-43B3-B820-3D54F18ABF35}.Debug|Any CPU.Build.0 = Debug|Any CPU
		{0DA7C310-CA4E-43B3-B820-3D54F18ABF35}.Release|Any CPU.ActiveCfg = Release|Any CPU
		{0DA7C310-CA4E-43B3-B820-3D54F18ABF35}.Release|Any CPU.Build.0 = Release|Any CPU
		{33F0B0A5-EBF5-4C3C-A109-EAC09198DDC8}.Debug|Any CPU.ActiveCfg = Debug|Any CPU
		{33F0B0A5-EBF5-4C3C-A109-EAC09198DDC8}.Debug|Any CPU.Build.0 = Debug|Any CPU
		{33F0B0A5-EBF5-4C3C-A109-EAC09198DDC8}.Release|Any CPU.ActiveCfg = Release|Any CPU
		{33F0B0A5-EBF5-4C3C-A109-EAC09198DDC8}.Release|Any CPU.Build.0 = Release|Any CPU
		{09D52489-C7B0-4BC8-8846-5D0E06B64C8D}.Debug|Any CPU.ActiveCfg = Debug|Any CPU
		{09D52489-C7B0-4BC8-8846-5D0E06B64C8D}.Debug|Any CPU.Build.0 = Debug|Any CPU
		{09D52489-C7B0-4BC8-8846-5D0E06B64C8D}.Release|Any CPU.ActiveCfg = Release|Any CPU
		{09D52489-C7B0-4BC8-8846-5D0E06B64C8D}.Release|Any CPU.Build.0 = Release|Any CPU
		{0D5DB6AF-6FAC-42B5-BC71-CEE2F8018A2C}.Debug|Any CPU.ActiveCfg = Debug|Any CPU
		{0D5DB6AF-6FAC-42B5-BC71-CEE2F8018A2C}.Debug|Any CPU.Build.0 = Debug|Any CPU
		{0D5DB6AF-6FAC-42B5-BC71-CEE2F8018A2C}.Release|Any CPU.ActiveCfg = Release|Any CPU
		{0D5DB6AF-6FAC-42B5-BC71-CEE2F8018A2C}.Release|Any CPU.Build.0 = Release|Any CPU
		{C5063945-6EAF-4EE9-B06C-C7BE87A1993A}.Debug|Any CPU.ActiveCfg = Debug|Any CPU
		{C5063945-6EAF-4EE9-B06C-C7BE87A1993A}.Debug|Any CPU.Build.0 = Debug|Any CPU
		{C5063945-6EAF-4EE9-B06C-C7BE87A1993A}.Release|Any CPU.ActiveCfg = Release|Any CPU
		{C5063945-6EAF-4EE9-B06C-C7BE87A1993A}.Release|Any CPU.Build.0 = Release|Any CPU
		{4A2EA8DF-BCFF-4454-98CB-77FE052BA3EE}.Debug|Any CPU.ActiveCfg = Debug|Any CPU
		{4A2EA8DF-BCFF-4454-98CB-77FE052BA3EE}.Debug|Any CPU.Build.0 = Debug|Any CPU
		{4A2EA8DF-BCFF-4454-98CB-77FE052BA3EE}.Release|Any CPU.ActiveCfg = Release|Any CPU
		{4A2EA8DF-BCFF-4454-98CB-77FE052BA3EE}.Release|Any CPU.Build.0 = Release|Any CPU
		{BB84FC81-9EDA-4CD9-B3C0-7AC1195A4ED8}.Debug|Any CPU.ActiveCfg = Debug|Any CPU
		{BB84FC81-9EDA-4CD9-B3C0-7AC1195A4ED8}.Debug|Any CPU.Build.0 = Debug|Any CPU
		{BB84FC81-9EDA-4CD9-B3C0-7AC1195A4ED8}.Release|Any CPU.ActiveCfg = Release|Any CPU
		{BB84FC81-9EDA-4CD9-B3C0-7AC1195A4ED8}.Release|Any CPU.Build.0 = Release|Any CPU
		{F46BE7F2-2637-4914-9451-040E591AABDA}.Debug|Any CPU.ActiveCfg = Debug|Any CPU
		{F46BE7F2-2637-4914-9451-040E591AABDA}.Debug|Any CPU.Build.0 = Debug|Any CPU
		{F46BE7F2-2637-4914-9451-040E591AABDA}.Release|Any CPU.ActiveCfg = Release|Any CPU
		{F46BE7F2-2637-4914-9451-040E591AABDA}.Release|Any CPU.Build.0 = Release|Any CPU
		{8858FADB-83B6-4613-88E7-8E34FC4D3C9C}.Debug|Any CPU.ActiveCfg = Debug|Any CPU
		{8858FADB-83B6-4613-88E7-8E34FC4D3C9C}.Debug|Any CPU.Build.0 = Debug|Any CPU
		{8858FADB-83B6-4613-88E7-8E34FC4D3C9C}.Release|Any CPU.ActiveCfg = Release|Any CPU
		{8858FADB-83B6-4613-88E7-8E34FC4D3C9C}.Release|Any CPU.Build.0 = Release|Any CPU
		{241A62F0-1879-4B95-8668-3B7C6A90E224}.Debug|Any CPU.ActiveCfg = Debug|Any CPU
		{241A62F0-1879-4B95-8668-3B7C6A90E224}.Debug|Any CPU.Build.0 = Debug|Any CPU
		{241A62F0-1879-4B95-8668-3B7C6A90E224}.Release|Any CPU.ActiveCfg = Release|Any CPU
		{241A62F0-1879-4B95-8668-3B7C6A90E224}.Release|Any CPU.Build.0 = Release|Any CPU
		{B998D37C-F07E-440F-B5A3-BE4D458050FC}.Debug|Any CPU.ActiveCfg = Debug|Any CPU
		{B998D37C-F07E-440F-B5A3-BE4D458050FC}.Debug|Any CPU.Build.0 = Debug|Any CPU
		{B998D37C-F07E-440F-B5A3-BE4D458050FC}.Release|Any CPU.ActiveCfg = Release|Any CPU
		{B998D37C-F07E-440F-B5A3-BE4D458050FC}.Release|Any CPU.Build.0 = Release|Any CPU
		{F5F6E1F1-BDFE-4C49-8C66-581C8D9E713B}.Debug|Any CPU.ActiveCfg = Debug|Any CPU
		{F5F6E1F1-BDFE-4C49-8C66-581C8D9E713B}.Debug|Any CPU.Build.0 = Debug|Any CPU
		{F5F6E1F1-BDFE-4C49-8C66-581C8D9E713B}.Release|Any CPU.ActiveCfg = Release|Any CPU
		{F5F6E1F1-BDFE-4C49-8C66-581C8D9E713B}.Release|Any CPU.Build.0 = Release|Any CPU
		{C3E00DE0-94C1-4146-B84A-9BFA2454A453}.Debug|Any CPU.ActiveCfg = Debug|Any CPU
		{C3E00DE0-94C1-4146-B84A-9BFA2454A453}.Debug|Any CPU.Build.0 = Debug|Any CPU
		{C3E00DE0-94C1-4146-B84A-9BFA2454A453}.Release|Any CPU.ActiveCfg = Release|Any CPU
		{C3E00DE0-94C1-4146-B84A-9BFA2454A453}.Release|Any CPU.Build.0 = Release|Any CPU
		{052F8407-F0E4-4F99-A499-B713AA41156D}.Debug|Any CPU.ActiveCfg = Debug|Any CPU
		{052F8407-F0E4-4F99-A499-B713AA41156D}.Debug|Any CPU.Build.0 = Debug|Any CPU
		{052F8407-F0E4-4F99-A499-B713AA41156D}.Release|Any CPU.ActiveCfg = Release|Any CPU
		{052F8407-F0E4-4F99-A499-B713AA41156D}.Release|Any CPU.Build.0 = Release|Any CPU
		{DA270151-E271-4217-A68D-E66429A88D6F}.Debug|Any CPU.ActiveCfg = Debug|Any CPU
		{DA270151-E271-4217-A68D-E66429A88D6F}.Debug|Any CPU.Build.0 = Debug|Any CPU
		{DA270151-E271-4217-A68D-E66429A88D6F}.Release|Any CPU.ActiveCfg = Release|Any CPU
		{DA270151-E271-4217-A68D-E66429A88D6F}.Release|Any CPU.Build.0 = Release|Any CPU
		{DB982EDF-7809-41C7-9708-29D7F3777662}.Debug|Any CPU.ActiveCfg = Debug|Any CPU
		{DB982EDF-7809-41C7-9708-29D7F3777662}.Debug|Any CPU.Build.0 = Debug|Any CPU
		{DB982EDF-7809-41C7-9708-29D7F3777662}.Release|Any CPU.ActiveCfg = Release|Any CPU
		{DB982EDF-7809-41C7-9708-29D7F3777662}.Release|Any CPU.Build.0 = Release|Any CPU
		{44EF5F2A-EF7B-49BC-8E42-533D135CCA1C}.Debug|Any CPU.ActiveCfg = Debug|Any CPU
		{44EF5F2A-EF7B-49BC-8E42-533D135CCA1C}.Debug|Any CPU.Build.0 = Debug|Any CPU
		{44EF5F2A-EF7B-49BC-8E42-533D135CCA1C}.Release|Any CPU.ActiveCfg = Release|Any CPU
		{44EF5F2A-EF7B-49BC-8E42-533D135CCA1C}.Release|Any CPU.Build.0 = Release|Any CPU
		{B452A39F-F9F6-42F5-8DA2-55005FF97168}.Debug|Any CPU.ActiveCfg = Debug|Any CPU
		{B452A39F-F9F6-42F5-8DA2-55005FF97168}.Debug|Any CPU.Build.0 = Debug|Any CPU
		{B452A39F-F9F6-42F5-8DA2-55005FF97168}.Release|Any CPU.ActiveCfg = Release|Any CPU
		{B452A39F-F9F6-42F5-8DA2-55005FF97168}.Release|Any CPU.Build.0 = Release|Any CPU
		{BDDDB4E2-84D0-45A9-A6EC-B5CD59AF01E8}.Debug|Any CPU.ActiveCfg = Debug|Any CPU
		{BDDDB4E2-84D0-45A9-A6EC-B5CD59AF01E8}.Debug|Any CPU.Build.0 = Debug|Any CPU
		{BDDDB4E2-84D0-45A9-A6EC-B5CD59AF01E8}.Release|Any CPU.ActiveCfg = Release|Any CPU
		{BDDDB4E2-84D0-45A9-A6EC-B5CD59AF01E8}.Release|Any CPU.Build.0 = Release|Any CPU
		{B0CCDC66-F1B8-4025-9762-2606FB77EB1C}.Debug|Any CPU.ActiveCfg = Debug|Any CPU
		{B0CCDC66-F1B8-4025-9762-2606FB77EB1C}.Debug|Any CPU.Build.0 = Debug|Any CPU
		{B0CCDC66-F1B8-4025-9762-2606FB77EB1C}.Release|Any CPU.ActiveCfg = Release|Any CPU
		{B0CCDC66-F1B8-4025-9762-2606FB77EB1C}.Release|Any CPU.Build.0 = Release|Any CPU
		{33917D46-5D1F-49FA-B228-550AA7885CA1}.Debug|Any CPU.ActiveCfg = Debug|Any CPU
		{33917D46-5D1F-49FA-B228-550AA7885CA1}.Debug|Any CPU.Build.0 = Debug|Any CPU
		{33917D46-5D1F-49FA-B228-550AA7885CA1}.Release|Any CPU.ActiveCfg = Release|Any CPU
		{33917D46-5D1F-49FA-B228-550AA7885CA1}.Release|Any CPU.Build.0 = Release|Any CPU
		{1B08DE71-6312-4B12-9659-60CC83711E10}.Debug|Any CPU.ActiveCfg = Debug|Any CPU
		{1B08DE71-6312-4B12-9659-60CC83711E10}.Debug|Any CPU.Build.0 = Debug|Any CPU
		{1B08DE71-6312-4B12-9659-60CC83711E10}.Release|Any CPU.ActiveCfg = Release|Any CPU
		{1B08DE71-6312-4B12-9659-60CC83711E10}.Release|Any CPU.Build.0 = Release|Any CPU
		{6989A849-62D7-4B20-AFB2-27A50F42E536}.Debug|Any CPU.ActiveCfg = Debug|Any CPU
		{6989A849-62D7-4B20-AFB2-27A50F42E536}.Debug|Any CPU.Build.0 = Debug|Any CPU
		{6989A849-62D7-4B20-AFB2-27A50F42E536}.Release|Any CPU.ActiveCfg = Release|Any CPU
		{6989A849-62D7-4B20-AFB2-27A50F42E536}.Release|Any CPU.Build.0 = Release|Any CPU
		{3E851A6D-4198-4E8A-A05B-8D1E4A4EBBFC}.Debug|Any CPU.ActiveCfg = Debug|Any CPU
		{3E851A6D-4198-4E8A-A05B-8D1E4A4EBBFC}.Debug|Any CPU.Build.0 = Debug|Any CPU
		{3E851A6D-4198-4E8A-A05B-8D1E4A4EBBFC}.Release|Any CPU.ActiveCfg = Release|Any CPU
		{3E851A6D-4198-4E8A-A05B-8D1E4A4EBBFC}.Release|Any CPU.Build.0 = Release|Any CPU
		{075D77FA-C92B-4453-A8CD-65BD40B3053A}.Debug|Any CPU.ActiveCfg = Debug|Any CPU
		{075D77FA-C92B-4453-A8CD-65BD40B3053A}.Debug|Any CPU.Build.0 = Debug|Any CPU
		{075D77FA-C92B-4453-A8CD-65BD40B3053A}.Release|Any CPU.ActiveCfg = Release|Any CPU
		{075D77FA-C92B-4453-A8CD-65BD40B3053A}.Release|Any CPU.Build.0 = Release|Any CPU
		{D7E61F65-143C-4D60-8FE0-1B72CD2F7852}.Debug|Any CPU.ActiveCfg = Debug|Any CPU
		{D7E61F65-143C-4D60-8FE0-1B72CD2F7852}.Debug|Any CPU.Build.0 = Debug|Any CPU
		{D7E61F65-143C-4D60-8FE0-1B72CD2F7852}.Release|Any CPU.ActiveCfg = Release|Any CPU
		{D7E61F65-143C-4D60-8FE0-1B72CD2F7852}.Release|Any CPU.Build.0 = Release|Any CPU
		{8E8962D7-8DB5-4F31-8651-492F804B2BCB}.Debug|Any CPU.ActiveCfg = Debug|Any CPU
		{8E8962D7-8DB5-4F31-8651-492F804B2BCB}.Debug|Any CPU.Build.0 = Debug|Any CPU
		{8E8962D7-8DB5-4F31-8651-492F804B2BCB}.Release|Any CPU.ActiveCfg = Release|Any CPU
		{8E8962D7-8DB5-4F31-8651-492F804B2BCB}.Release|Any CPU.Build.0 = Release|Any CPU
		{4542AE6F-C136-4717-9537-E93D2E20D9E9}.Debug|Any CPU.ActiveCfg = Debug|Any CPU
		{4542AE6F-C136-4717-9537-E93D2E20D9E9}.Debug|Any CPU.Build.0 = Debug|Any CPU
		{4542AE6F-C136-4717-9537-E93D2E20D9E9}.Release|Any CPU.ActiveCfg = Release|Any CPU
		{4542AE6F-C136-4717-9537-E93D2E20D9E9}.Release|Any CPU.Build.0 = Release|Any CPU
		{49468AA4-27C7-4051-95A4-1AAE4132FE86}.Debug|Any CPU.ActiveCfg = Debug|Any CPU
		{49468AA4-27C7-4051-95A4-1AAE4132FE86}.Debug|Any CPU.Build.0 = Debug|Any CPU
		{49468AA4-27C7-4051-95A4-1AAE4132FE86}.Release|Any CPU.ActiveCfg = Release|Any CPU
		{49468AA4-27C7-4051-95A4-1AAE4132FE86}.Release|Any CPU.Build.0 = Release|Any CPU
	EndGlobalSection
	GlobalSection(SolutionProperties) = preSolution
		HideSolutionNode = FALSE
	EndGlobalSection
	GlobalSection(ExtensibilityGlobals) = postSolution
		SolutionGuid = {145C42D7-1678-43D6-B13E-B838B2440A71}
	EndGlobalSection
EndGlobal
